// !$*UTF8*$!
{
	archiveVersion = 1;
	classes = {
	};
	objectVersion = 51;
	objects = {

/* Begin PBXBuildFile section */
		17F14E0E7CB33E160D73A492 /* Pods_Fit5140_ChatBot.framework in Frameworks */ = {isa = PBXBuildFile; fileRef = BA110FEED700C52471AA0CB0 /* Pods_Fit5140_ChatBot.framework */; };
		AB75AE672553C29E0018D378 /* TabItem.swift in Sources */ = {isa = PBXBuildFile; fileRef = AB75AE662553C29E0018D378 /* TabItem.swift */; };
		AB75AE6F2553C5C20018D378 /* NavigationBaseMenuBarController.swift in Sources */ = {isa = PBXBuildFile; fileRef = AB75AE6E2553C5C20018D378 /* NavigationBaseMenuBarController.swift */; };
		AB75AE712553C62E0018D378 /* TabNavigationMenu.swift in Sources */ = {isa = PBXBuildFile; fileRef = AB75AE702553C62E0018D378 /* TabNavigationMenu.swift */; };
		AB75AE732553F13E0018D378 /* MapViewController.swift in Sources */ = {isa = PBXBuildFile; fileRef = AB75AE722553F13E0018D378 /* MapViewController.swift */; };
		AB75AE752553F7CE0018D378 /* ProfileViewController.swift in Sources */ = {isa = PBXBuildFile; fileRef = AB75AE742553F7CE0018D378 /* ProfileViewController.swift */; };
		AB75AE772553F7E00018D378 /* SymptomViewController.swift in Sources */ = {isa = PBXBuildFile; fileRef = AB75AE762553F7E00018D378 /* SymptomViewController.swift */; };
		ABDAF7EA2554FFA30026801A /* TabMenuViewController.swift in Sources */ = {isa = PBXBuildFile; fileRef = ABDAF7E92554FFA30026801A /* TabMenuViewController.swift */; };
		BE42B0742539B9DC0097DF0B /* AppDelegate.swift in Sources */ = {isa = PBXBuildFile; fileRef = BE42B0732539B9DC0097DF0B /* AppDelegate.swift */; };
		BE42B0762539B9DC0097DF0B /* SceneDelegate.swift in Sources */ = {isa = PBXBuildFile; fileRef = BE42B0752539B9DC0097DF0B /* SceneDelegate.swift */; };
		BE42B0782539B9DC0097DF0B /* ViewController.swift in Sources */ = {isa = PBXBuildFile; fileRef = BE42B0772539B9DC0097DF0B /* ViewController.swift */; };
		BE42B07B2539B9DC0097DF0B /* Main.storyboard in Resources */ = {isa = PBXBuildFile; fileRef = BE42B0792539B9DC0097DF0B /* Main.storyboard */; };
		BE42B07D2539B9E60097DF0B /* Assets.xcassets in Resources */ = {isa = PBXBuildFile; fileRef = BE42B07C2539B9E60097DF0B /* Assets.xcassets */; };
		BE42B0802539B9E60097DF0B /* LaunchScreen.storyboard in Resources */ = {isa = PBXBuildFile; fileRef = BE42B07E2539B9E60097DF0B /* LaunchScreen.storyboard */; };
		BE42B08A25517C780097DF0B /* SignUpViewController.swift in Sources */ = {isa = PBXBuildFile; fileRef = BE42B08925517C780097DF0B /* SignUpViewController.swift */; };
		BE42B08C25517C860097DF0B /* LoginViewController.swift in Sources */ = {isa = PBXBuildFile; fileRef = BE42B08B25517C860097DF0B /* LoginViewController.swift */; };
		BE42B08E25517C990097DF0B /* HomeViewController.swift in Sources */ = {isa = PBXBuildFile; fileRef = BE42B08D25517C990097DF0B /* HomeViewController.swift */; };
		BE42B09025525B6B0097DF0B /* Utilities.swift in Sources */ = {isa = PBXBuildFile; fileRef = BE42B08F25525B6B0097DF0B /* Utilities.swift */; };
		BE42B092255260C70097DF0B /* LandingViewController.swift in Sources */ = {isa = PBXBuildFile; fileRef = BE42B091255260C70097DF0B /* LandingViewController.swift */; };
		BE42B09625526A800097DF0B /* GoogleService-Info.plist in Resources */ = {isa = PBXBuildFile; fileRef = BE42B09525526A800097DF0B /* GoogleService-Info.plist */; };
		BE42B098255291E40097DF0B /* Constants.swift in Sources */ = {isa = PBXBuildFile; fileRef = BE42B097255291E40097DF0B /* Constants.swift */; };
/* End PBXBuildFile section */

/* Begin PBXFileReference section */
		1D02BF88FCE7B39DB00B0A87 /* Pods-Fit5140_ChatBot.release.xcconfig */ = {isa = PBXFileReference; includeInIndex = 1; lastKnownFileType = text.xcconfig; name = "Pods-Fit5140_ChatBot.release.xcconfig"; path = "Target Support Files/Pods-Fit5140_ChatBot/Pods-Fit5140_ChatBot.release.xcconfig"; sourceTree = "<group>"; };
		AB75AE662553C29E0018D378 /* TabItem.swift */ = {isa = PBXFileReference; lastKnownFileType = sourcecode.swift; path = TabItem.swift; sourceTree = "<group>"; };
		AB75AE6E2553C5C20018D378 /* NavigationBaseMenuBarController.swift */ = {isa = PBXFileReference; lastKnownFileType = sourcecode.swift; path = NavigationBaseMenuBarController.swift; sourceTree = "<group>"; };
		AB75AE702553C62E0018D378 /* TabNavigationMenu.swift */ = {isa = PBXFileReference; lastKnownFileType = sourcecode.swift; path = TabNavigationMenu.swift; sourceTree = "<group>"; };
		AB75AE722553F13E0018D378 /* MapViewController.swift */ = {isa = PBXFileReference; lastKnownFileType = sourcecode.swift; path = MapViewController.swift; sourceTree = "<group>"; };
		AB75AE742553F7CE0018D378 /* ProfileViewController.swift */ = {isa = PBXFileReference; lastKnownFileType = sourcecode.swift; path = ProfileViewController.swift; sourceTree = "<group>"; };
		AB75AE762553F7E00018D378 /* SymptomViewController.swift */ = {isa = PBXFileReference; lastKnownFileType = sourcecode.swift; path = SymptomViewController.swift; sourceTree = "<group>"; };
		ABDAF7E92554FFA30026801A /* TabMenuViewController.swift */ = {isa = PBXFileReference; lastKnownFileType = sourcecode.swift; path = TabMenuViewController.swift; sourceTree = "<group>"; };
		BA110FEED700C52471AA0CB0 /* Pods_Fit5140_ChatBot.framework */ = {isa = PBXFileReference; explicitFileType = wrapper.framework; includeInIndex = 0; path = Pods_Fit5140_ChatBot.framework; sourceTree = BUILT_PRODUCTS_DIR; };
		BE42B0702539B9DB0097DF0B /* Fit5140_ChatBot.app */ = {isa = PBXFileReference; explicitFileType = wrapper.application; includeInIndex = 0; path = Fit5140_ChatBot.app; sourceTree = BUILT_PRODUCTS_DIR; };
		BE42B0732539B9DC0097DF0B /* AppDelegate.swift */ = {isa = PBXFileReference; lastKnownFileType = sourcecode.swift; path = AppDelegate.swift; sourceTree = "<group>"; };
		BE42B0752539B9DC0097DF0B /* SceneDelegate.swift */ = {isa = PBXFileReference; lastKnownFileType = sourcecode.swift; path = SceneDelegate.swift; sourceTree = "<group>"; };
		BE42B0772539B9DC0097DF0B /* ViewController.swift */ = {isa = PBXFileReference; lastKnownFileType = sourcecode.swift; path = ViewController.swift; sourceTree = "<group>"; };
		BE42B07A2539B9DC0097DF0B /* Base */ = {isa = PBXFileReference; lastKnownFileType = file.storyboard; name = Base; path = Base.lproj/Main.storyboard; sourceTree = "<group>"; };
		BE42B07C2539B9E60097DF0B /* Assets.xcassets */ = {isa = PBXFileReference; lastKnownFileType = folder.assetcatalog; path = Assets.xcassets; sourceTree = "<group>"; };
		BE42B07F2539B9E60097DF0B /* Base */ = {isa = PBXFileReference; lastKnownFileType = file.storyboard; name = Base; path = Base.lproj/LaunchScreen.storyboard; sourceTree = "<group>"; };
		BE42B0812539B9E60097DF0B /* Info.plist */ = {isa = PBXFileReference; lastKnownFileType = text.plist.xml; path = Info.plist; sourceTree = "<group>"; };
		BE42B08925517C780097DF0B /* SignUpViewController.swift */ = {isa = PBXFileReference; lastKnownFileType = sourcecode.swift; path = SignUpViewController.swift; sourceTree = "<group>"; };
		BE42B08B25517C860097DF0B /* LoginViewController.swift */ = {isa = PBXFileReference; lastKnownFileType = sourcecode.swift; path = LoginViewController.swift; sourceTree = "<group>"; };
		BE42B08D25517C990097DF0B /* HomeViewController.swift */ = {isa = PBXFileReference; lastKnownFileType = sourcecode.swift; path = HomeViewController.swift; sourceTree = "<group>"; };
		BE42B08F25525B6B0097DF0B /* Utilities.swift */ = {isa = PBXFileReference; lastKnownFileType = sourcecode.swift; path = Utilities.swift; sourceTree = "<group>"; };
		BE42B091255260C70097DF0B /* LandingViewController.swift */ = {isa = PBXFileReference; lastKnownFileType = sourcecode.swift; path = LandingViewController.swift; sourceTree = "<group>"; };
		BE42B09525526A800097DF0B /* GoogleService-Info.plist */ = {isa = PBXFileReference; fileEncoding = 4; lastKnownFileType = text.plist.xml; path = "GoogleService-Info.plist"; sourceTree = "<group>"; };
		BE42B097255291E40097DF0B /* Constants.swift */ = {isa = PBXFileReference; lastKnownFileType = sourcecode.swift; path = Constants.swift; sourceTree = "<group>"; };
		C27080391A6517A7F2B8EA03 /* Pods-Fit5140_ChatBot.debug.xcconfig */ = {isa = PBXFileReference; includeInIndex = 1; lastKnownFileType = text.xcconfig; name = "Pods-Fit5140_ChatBot.debug.xcconfig"; path = "Target Support Files/Pods-Fit5140_ChatBot/Pods-Fit5140_ChatBot.debug.xcconfig"; sourceTree = "<group>"; };
/* End PBXFileReference section */

/* Begin PBXFrameworksBuildPhase section */
		BE42B06D2539B9DB0097DF0B /* Frameworks */ = {
			isa = PBXFrameworksBuildPhase;
			buildActionMask = 2147483647;
			files = (
				17F14E0E7CB33E160D73A492 /* Pods_Fit5140_ChatBot.framework in Frameworks */,
			);
			runOnlyForDeploymentPostprocessing = 0;
		};
/* End PBXFrameworksBuildPhase section */

/* Begin PBXGroup section */
		963652452617C7924C4E1B29 /* Frameworks */ = {
			isa = PBXGroup;
			children = (
				BA110FEED700C52471AA0CB0 /* Pods_Fit5140_ChatBot.framework */,
			);
			name = Frameworks;
			sourceTree = "<group>";
		};
		BE42B0672539B9DB0097DF0B = {
			isa = PBXGroup;
			children = (
				BE42B0722539B9DB0097DF0B /* Fit5140_ChatBot */,
				BE42B0712539B9DB0097DF0B /* Products */,
				D0A79E04863B9C75C34C82AB /* Pods */,
				963652452617C7924C4E1B29 /* Frameworks */,
			);
			sourceTree = "<group>";
		};
		BE42B0712539B9DB0097DF0B /* Products */ = {
			isa = PBXGroup;
			children = (
				BE42B0702539B9DB0097DF0B /* Fit5140_ChatBot.app */,
			);
			name = Products;
			sourceTree = "<group>";
		};
		BE42B0722539B9DB0097DF0B /* Fit5140_ChatBot */ = {
			isa = PBXGroup;
			children = (
				BE42B09525526A800097DF0B /* GoogleService-Info.plist */,
				BE42B0882551795A0097DF0B /* View Controllers */,
				BE42B0732539B9DC0097DF0B /* AppDelegate.swift */,
				AB75AE702553C62E0018D378 /* TabNavigationMenu.swift */,
				BE42B0752539B9DC0097DF0B /* SceneDelegate.swift */,
				AB75AE662553C29E0018D378 /* TabItem.swift */,
				BE42B0772539B9DC0097DF0B /* ViewController.swift */,
				BE42B0792539B9DC0097DF0B /* Main.storyboard */,
				BE42B07C2539B9E60097DF0B /* Assets.xcassets */,
				BE42B07E2539B9E60097DF0B /* LaunchScreen.storyboard */,
				BE42B0812539B9E60097DF0B /* Info.plist */,
				BE42B08F25525B6B0097DF0B /* Utilities.swift */,
				BE42B097255291E40097DF0B /* Constants.swift */,
			);
			path = Fit5140_ChatBot;
			sourceTree = "<group>";
		};
		BE42B0882551795A0097DF0B /* View Controllers */ = {
			isa = PBXGroup;
			children = (
				BE42B08925517C780097DF0B /* SignUpViewController.swift */,
				BE42B08B25517C860097DF0B /* LoginViewController.swift */,
				AB75AE6E2553C5C20018D378 /* NavigationBaseMenuBarController.swift */,
				BE42B08D25517C990097DF0B /* HomeViewController.swift */,
				BE42B091255260C70097DF0B /* LandingViewController.swift */,
				AB75AE722553F13E0018D378 /* MapViewController.swift */,
				AB75AE742553F7CE0018D378 /* ProfileViewController.swift */,
				AB75AE762553F7E00018D378 /* SymptomViewController.swift */,
				ABDAF7E92554FFA30026801A /* TabMenuViewController.swift */,
			);
			path = "View Controllers";
			sourceTree = "<group>";
		};
		D0A79E04863B9C75C34C82AB /* Pods */ = {
			isa = PBXGroup;
			children = (
				C27080391A6517A7F2B8EA03 /* Pods-Fit5140_ChatBot.debug.xcconfig */,
				1D02BF88FCE7B39DB00B0A87 /* Pods-Fit5140_ChatBot.release.xcconfig */,
			);
			path = Pods;
			sourceTree = "<group>";
		};
/* End PBXGroup section */

/* Begin PBXNativeTarget section */
		BE42B06F2539B9DB0097DF0B /* Fit5140_ChatBot */ = {
			isa = PBXNativeTarget;
			buildConfigurationList = BE42B0842539B9E60097DF0B /* Build configuration list for PBXNativeTarget "Fit5140_ChatBot" */;
			buildPhases = (
				83BBB902B7B459639B7C4F2D /* [CP] Check Pods Manifest.lock */,
				BE42B06C2539B9DB0097DF0B /* Sources */,
				BE42B06D2539B9DB0097DF0B /* Frameworks */,
				BE42B06E2539B9DB0097DF0B /* Resources */,
				5B0133FE5DBC399DEA246BE5 /* [CP] Embed Pods Frameworks */,
			);
			buildRules = (
			);
			dependencies = (
			);
			name = Fit5140_ChatBot;
			productName = Fit5140_ChatBot;
			productReference = BE42B0702539B9DB0097DF0B /* Fit5140_ChatBot.app */;
			productType = "com.apple.product-type.application";
		};
/* End PBXNativeTarget section */

/* Begin PBXProject section */
		BE42B0682539B9DB0097DF0B /* Project object */ = {
			isa = PBXProject;
			attributes = {
				LastSwiftUpdateCheck = 1160;
				LastUpgradeCheck = 1160;
				ORGANIZATIONNAME = "Monash University";
				TargetAttributes = {
					BE42B06F2539B9DB0097DF0B = {
						CreatedOnToolsVersion = 11.6;
					};
				};
			};
			buildConfigurationList = BE42B06B2539B9DB0097DF0B /* Build configuration list for PBXProject "Fit5140_ChatBot" */;
			compatibilityVersion = "Xcode 9.3";
			developmentRegion = en;
			hasScannedForEncodings = 0;
			knownRegions = (
				en,
				Base,
			);
			mainGroup = BE42B0672539B9DB0097DF0B;
			productRefGroup = BE42B0712539B9DB0097DF0B /* Products */;
			projectDirPath = "";
			projectRoot = "";
			targets = (
				BE42B06F2539B9DB0097DF0B /* Fit5140_ChatBot */,
			);
		};
/* End PBXProject section */

/* Begin PBXResourcesBuildPhase section */
		BE42B06E2539B9DB0097DF0B /* Resources */ = {
			isa = PBXResourcesBuildPhase;
			buildActionMask = 2147483647;
			files = (
				BE42B0802539B9E60097DF0B /* LaunchScreen.storyboard in Resources */,
				BE42B09625526A800097DF0B /* GoogleService-Info.plist in Resources */,
				BE42B07D2539B9E60097DF0B /* Assets.xcassets in Resources */,
				BE42B07B2539B9DC0097DF0B /* Main.storyboard in Resources */,
			);
			runOnlyForDeploymentPostprocessing = 0;
		};
/* End PBXResourcesBuildPhase section */

/* Begin PBXShellScriptBuildPhase section */
		5B0133FE5DBC399DEA246BE5 /* [CP] Embed Pods Frameworks */ = {
			isa = PBXShellScriptBuildPhase;
			buildActionMask = 2147483647;
			files = (
			);
			inputFileListPaths = (
				"${PODS_ROOT}/Target Support Files/Pods-Fit5140_ChatBot/Pods-Fit5140_ChatBot-frameworks-${CONFIGURATION}-input-files.xcfilelist",
			);
			name = "[CP] Embed Pods Frameworks";
			outputFileListPaths = (
				"${PODS_ROOT}/Target Support Files/Pods-Fit5140_ChatBot/Pods-Fit5140_ChatBot-frameworks-${CONFIGURATION}-output-files.xcfilelist",
			);
			runOnlyForDeploymentPostprocessing = 0;
			shellPath = /bin/sh;
			shellScript = "\"${PODS_ROOT}/Target Support Files/Pods-Fit5140_ChatBot/Pods-Fit5140_ChatBot-frameworks.sh\"\n";
			showEnvVarsInLog = 0;
		};
		83BBB902B7B459639B7C4F2D /* [CP] Check Pods Manifest.lock */ = {
			isa = PBXShellScriptBuildPhase;
			buildActionMask = 2147483647;
			files = (
			);
			inputFileListPaths = (
			);
			inputPaths = (
				"${PODS_PODFILE_DIR_PATH}/Podfile.lock",
				"${PODS_ROOT}/Manifest.lock",
			);
			name = "[CP] Check Pods Manifest.lock";
			outputFileListPaths = (
			);
			outputPaths = (
				"$(DERIVED_FILE_DIR)/Pods-Fit5140_ChatBot-checkManifestLockResult.txt",
			);
			runOnlyForDeploymentPostprocessing = 0;
			shellPath = /bin/sh;
			shellScript = "diff \"${PODS_PODFILE_DIR_PATH}/Podfile.lock\" \"${PODS_ROOT}/Manifest.lock\" > /dev/null\nif [ $? != 0 ] ; then\n    # print error to STDERR\n    echo \"error: The sandbox is not in sync with the Podfile.lock. Run 'pod install' or update your CocoaPods installation.\" >&2\n    exit 1\nfi\n# This output is used by Xcode 'outputs' to avoid re-running this script phase.\necho \"SUCCESS\" > \"${SCRIPT_OUTPUT_FILE_0}\"\n";
			showEnvVarsInLog = 0;
		};
/* End PBXShellScriptBuildPhase section */

/* Begin PBXSourcesBuildPhase section */
		BE42B06C2539B9DB0097DF0B /* Sources */ = {
			isa = PBXSourcesBuildPhase;
			buildActionMask = 2147483647;
			files = (
				BE42B0782539B9DC0097DF0B /* ViewController.swift in Sources */,
				ABDAF7EA2554FFA30026801A /* TabMenuViewController.swift in Sources */,
				BE42B0742539B9DC0097DF0B /* AppDelegate.swift in Sources */,
				BE42B092255260C70097DF0B /* LandingViewController.swift in Sources */,
				AB75AE772553F7E00018D378 /* SymptomViewController.swift in Sources */,
				BE42B09025525B6B0097DF0B /* Utilities.swift in Sources */,
				AB75AE752553F7CE0018D378 /* ProfileViewController.swift in Sources */,
				BE42B08A25517C780097DF0B /* SignUpViewController.swift in Sources */,
				BE42B08C25517C860097DF0B /* LoginViewController.swift in Sources */,
				AB75AE6F2553C5C20018D378 /* NavigationBaseMenuBarController.swift in Sources */,
				BE42B0762539B9DC0097DF0B /* SceneDelegate.swift in Sources */,
				BE42B08E25517C990097DF0B /* HomeViewController.swift in Sources */,
				AB75AE672553C29E0018D378 /* TabItem.swift in Sources */,
				BE42B098255291E40097DF0B /* Constants.swift in Sources */,
				AB75AE732553F13E0018D378 /* MapViewController.swift in Sources */,
				AB75AE712553C62E0018D378 /* TabNavigationMenu.swift in Sources */,
			);
			runOnlyForDeploymentPostprocessing = 0;
		};
/* End PBXSourcesBuildPhase section */

/* Begin PBXVariantGroup section */
		BE42B0792539B9DC0097DF0B /* Main.storyboard */ = {
			isa = PBXVariantGroup;
			children = (
				BE42B07A2539B9DC0097DF0B /* Base */,
			);
			name = Main.storyboard;
			sourceTree = "<group>";
		};
		BE42B07E2539B9E60097DF0B /* LaunchScreen.storyboard */ = {
			isa = PBXVariantGroup;
			children = (
				BE42B07F2539B9E60097DF0B /* Base */,
			);
			name = LaunchScreen.storyboard;
			sourceTree = "<group>";
		};
/* End PBXVariantGroup section */

/* Begin XCBuildConfiguration section */
		BE42B0822539B9E60097DF0B /* Debug */ = {
			isa = XCBuildConfiguration;
			buildSettings = {
				ALWAYS_SEARCH_USER_PATHS = NO;
				CLANG_ANALYZER_NONNULL = YES;
				CLANG_ANALYZER_NUMBER_OBJECT_CONVERSION = YES_AGGRESSIVE;
				CLANG_CXX_LANGUAGE_STANDARD = "gnu++14";
				CLANG_CXX_LIBRARY = "libc++";
				CLANG_ENABLE_MODULES = YES;
				CLANG_ENABLE_OBJC_ARC = YES;
				CLANG_ENABLE_OBJC_WEAK = YES;
				CLANG_WARN_BLOCK_CAPTURE_AUTORELEASING = YES;
				CLANG_WARN_BOOL_CONVERSION = YES;
				CLANG_WARN_COMMA = YES;
				CLANG_WARN_CONSTANT_CONVERSION = YES;
				CLANG_WARN_DEPRECATED_OBJC_IMPLEMENTATIONS = YES;
				CLANG_WARN_DIRECT_OBJC_ISA_USAGE = YES_ERROR;
				CLANG_WARN_DOCUMENTATION_COMMENTS = YES;
				CLANG_WARN_EMPTY_BODY = YES;
				CLANG_WARN_ENUM_CONVERSION = YES;
				CLANG_WARN_INFINITE_RECURSION = YES;
				CLANG_WARN_INT_CONVERSION = YES;
				CLANG_WARN_NON_LITERAL_NULL_CONVERSION = YES;
				CLANG_WARN_OBJC_IMPLICIT_RETAIN_SELF = YES;
				CLANG_WARN_OBJC_LITERAL_CONVERSION = YES;
				CLANG_WARN_OBJC_ROOT_CLASS = YES_ERROR;
				CLANG_WARN_RANGE_LOOP_ANALYSIS = YES;
				CLANG_WARN_STRICT_PROTOTYPES = YES;
				CLANG_WARN_SUSPICIOUS_MOVE = YES;
				CLANG_WARN_UNGUARDED_AVAILABILITY = YES_AGGRESSIVE;
				CLANG_WARN_UNREACHABLE_CODE = YES;
				CLANG_WARN__DUPLICATE_METHOD_MATCH = YES;
				COPY_PHASE_STRIP = NO;
				DEBUG_INFORMATION_FORMAT = dwarf;
				ENABLE_STRICT_OBJC_MSGSEND = YES;
				ENABLE_TESTABILITY = YES;
				GCC_C_LANGUAGE_STANDARD = gnu11;
				GCC_DYNAMIC_NO_PIC = NO;
				GCC_NO_COMMON_BLOCKS = YES;
				GCC_OPTIMIZATION_LEVEL = 0;
				GCC_PREPROCESSOR_DEFINITIONS = (
					"DEBUG=1",
					"$(inherited)",
				);
				GCC_WARN_64_TO_32_BIT_CONVERSION = YES;
				GCC_WARN_ABOUT_RETURN_TYPE = YES_ERROR;
				GCC_WARN_UNDECLARED_SELECTOR = YES;
				GCC_WARN_UNINITIALIZED_AUTOS = YES_AGGRESSIVE;
				GCC_WARN_UNUSED_FUNCTION = YES;
				GCC_WARN_UNUSED_VARIABLE = YES;
				IPHONEOS_DEPLOYMENT_TARGET = 13.6;
				MTL_ENABLE_DEBUG_INFO = INCLUDE_SOURCE;
				MTL_FAST_MATH = YES;
				ONLY_ACTIVE_ARCH = YES;
				SDKROOT = iphoneos;
				SWIFT_ACTIVE_COMPILATION_CONDITIONS = DEBUG;
				SWIFT_OPTIMIZATION_LEVEL = "-Onone";
			};
			name = Debug;
		};
		BE42B0832539B9E60097DF0B /* Release */ = {
			isa = XCBuildConfiguration;
			buildSettings = {
				ALWAYS_SEARCH_USER_PATHS = NO;
				CLANG_ANALYZER_NONNULL = YES;
				CLANG_ANALYZER_NUMBER_OBJECT_CONVERSION = YES_AGGRESSIVE;
				CLANG_CXX_LANGUAGE_STANDARD = "gnu++14";
				CLANG_CXX_LIBRARY = "libc++";
				CLANG_ENABLE_MODULES = YES;
				CLANG_ENABLE_OBJC_ARC = YES;
				CLANG_ENABLE_OBJC_WEAK = YES;
				CLANG_WARN_BLOCK_CAPTURE_AUTORELEASING = YES;
				CLANG_WARN_BOOL_CONVERSION = YES;
				CLANG_WARN_COMMA = YES;
				CLANG_WARN_CONSTANT_CONVERSION = YES;
				CLANG_WARN_DEPRECATED_OBJC_IMPLEMENTATIONS = YES;
				CLANG_WARN_DIRECT_OBJC_ISA_USAGE = YES_ERROR;
				CLANG_WARN_DOCUMENTATION_COMMENTS = YES;
				CLANG_WARN_EMPTY_BODY = YES;
				CLANG_WARN_ENUM_CONVERSION = YES;
				CLANG_WARN_INFINITE_RECURSION = YES;
				CLANG_WARN_INT_CONVERSION = YES;
				CLANG_WARN_NON_LITERAL_NULL_CONVERSION = YES;
				CLANG_WARN_OBJC_IMPLICIT_RETAIN_SELF = YES;
				CLANG_WARN_OBJC_LITERAL_CONVERSION = YES;
				CLANG_WARN_OBJC_ROOT_CLASS = YES_ERROR;
				CLANG_WARN_RANGE_LOOP_ANALYSIS = YES;
				CLANG_WARN_STRICT_PROTOTYPES = YES;
				CLANG_WARN_SUSPICIOUS_MOVE = YES;
				CLANG_WARN_UNGUARDED_AVAILABILITY = YES_AGGRESSIVE;
				CLANG_WARN_UNREACHABLE_CODE = YES;
				CLANG_WARN__DUPLICATE_METHOD_MATCH = YES;
				COPY_PHASE_STRIP = NO;
				DEBUG_INFORMATION_FORMAT = "dwarf-with-dsym";
				ENABLE_NS_ASSERTIONS = NO;
				ENABLE_STRICT_OBJC_MSGSEND = YES;
				GCC_C_LANGUAGE_STANDARD = gnu11;
				GCC_NO_COMMON_BLOCKS = YES;
				GCC_WARN_64_TO_32_BIT_CONVERSION = YES;
				GCC_WARN_ABOUT_RETURN_TYPE = YES_ERROR;
				GCC_WARN_UNDECLARED_SELECTOR = YES;
				GCC_WARN_UNINITIALIZED_AUTOS = YES_AGGRESSIVE;
				GCC_WARN_UNUSED_FUNCTION = YES;
				GCC_WARN_UNUSED_VARIABLE = YES;
				IPHONEOS_DEPLOYMENT_TARGET = 13.6;
				MTL_ENABLE_DEBUG_INFO = NO;
				MTL_FAST_MATH = YES;
				SDKROOT = iphoneos;
				SWIFT_COMPILATION_MODE = wholemodule;
				SWIFT_OPTIMIZATION_LEVEL = "-O";
				VALIDATE_PRODUCT = YES;
			};
			name = Release;
		};
		BE42B0852539B9E60097DF0B /* Debug */ = {
			isa = XCBuildConfiguration;
			baseConfigurationReference = C27080391A6517A7F2B8EA03 /* Pods-Fit5140_ChatBot.debug.xcconfig */;
			buildSettings = {
				ASSETCATALOG_COMPILER_APPICON_NAME = AppIcon;
				CODE_SIGN_STYLE = Automatic;
				INFOPLIST_FILE = Fit5140_ChatBot/Info.plist;
				LD_RUNPATH_SEARCH_PATHS = (
					"$(inherited)",
					"@executable_path/Frameworks",
				);
				PRODUCT_BUNDLE_IDENTIFIER = "edu.monash.Fit5140-ChatBot";
				PRODUCT_NAME = "$(TARGET_NAME)";
				SWIFT_VERSION = 5.0;
				TARGETED_DEVICE_FAMILY = "1,2";
			};
			name = Debug;
		};
		BE42B0862539B9E60097DF0B /* Release */ = {
			isa = XCBuildConfiguration;
			baseConfigurationReference = 1D02BF88FCE7B39DB00B0A87 /* Pods-Fit5140_ChatBot.release.xcconfig */;
			buildSettings = {
				ASSETCATALOG_COMPILER_APPICON_NAME = AppIcon;
				CODE_SIGN_STYLE = Automatic;
				INFOPLIST_FILE = Fit5140_ChatBot/Info.plist;
				LD_RUNPATH_SEARCH_PATHS = (
					"$(inherited)",
					"@executable_path/Frameworks",
				);
				PRODUCT_BUNDLE_IDENTIFIER = "edu.monash.Fit5140-ChatBot";
				PRODUCT_NAME = "$(TARGET_NAME)";
				SWIFT_VERSION = 5.0;
				TARGETED_DEVICE_FAMILY = "1,2";
			};
			name = Release;
		};
/* End XCBuildConfiguration section */

/* Begin XCConfigurationList section */
		BE42B06B2539B9DB0097DF0B /* Build configuration list for PBXProject "Fit5140_ChatBot" */ = {
			isa = XCConfigurationList;
			buildConfigurations = (
				BE42B0822539B9E60097DF0B /* Debug */,
				BE42B0832539B9E60097DF0B /* Release */,
			);
			defaultConfigurationIsVisible = 0;
			defaultConfigurationName = Release;
		};
		BE42B0842539B9E60097DF0B /* Build configuration list for PBXNativeTarget "Fit5140_ChatBot" */ = {
			isa = XCConfigurationList;
			buildConfigurations = (
				BE42B0852539B9E60097DF0B /* Debug */,
				BE42B0862539B9E60097DF0B /* Release */,
			);
			defaultConfigurationIsVisible = 0;
			defaultConfigurationName = Release;
		};
/* End XCConfigurationList section */
	};
	rootObject = BE42B0682539B9DB0097DF0B /* Project object */;
}
